
Microsoft Visual Studio Solution File, Format Version 12.00
# Visual Studio Version 17
VisualStudioVersion = 17.13.35828.75 d17.13
MinimumVisualStudioVersion = 10.0.40219.1
Project("{FAE04EC0-301F-11D3-BF4B-00C04F79EFBC}") = "Text_Dungeon", "Text_Dungeon\Text_Dungeon.csproj", "{471AF156-A2DA-459E-A152-B873F17F1F3D}"
EndProject
Global
	GlobalSection(SolutionConfigurationPlatforms) = preSolution
		Debug|Any CPU = Debug|Any CPU
		Release|Any CPU = Release|Any CPU
	EndGlobalSection
	GlobalSection(ProjectConfigurationPlatforms) = postSolution
		{471AF156-A2DA-459E-A152-B873F17F1F3D}.Debug|Any CPU.ActiveCfg = Debug|Any CPU
		{471AF156-A2DA-459E-A152-B873F17F1F3D}.Debug|Any CPU.Build.0 = Debug|Any CPU
		{471AF156-A2DA-459E-A152-B873F17F1F3D}.Release|Any CPU.ActiveCfg = Release|Any CPU
		{471AF156-A2DA-459E-A152-B873F17F1F3D}.Release|Any CPU.Build.0 = Release|Any CPU
	EndGlobalSection
	GlobalSection(SolutionProperties) = preSolution
		HideSolutionNode = FALSE
	EndGlobalSection
	GlobalSection(ExtensibilityGlobals) = postSolution
		SolutionGuid = {895F405F-C8DC-44EA-B5E4-083E9584D285}
	EndGlobalSection
EndGlobal
